
Microsoft Visual Studio Solution File, Format Version 12.00
# Visual Studio Version 17
VisualStudioVersion = 17.10.34916.146
MinimumVisualStudioVersion = 10.0.40219.1
Project("{9A19103F-16F7-4668-BE54-9A1E7A4F7556}") = "ProjetoModelo2022", "ProjetoModelo2022\ProjetoModelo2022.csproj", "{97DF7B61-F117-4A71-BE0F-081E1CC1F53D}"
EndProject
Global
	GlobalSection(SolutionConfigurationPlatforms) = preSolution
		Debug|Any CPU = Debug|Any CPU
		Release|Any CPU = Release|Any CPU
	EndGlobalSection
	GlobalSection(ProjectConfigurationPlatforms) = postSolution
		{97DF7B61-F117-4A71-BE0F-081E1CC1F53D}.Debug|Any CPU.ActiveCfg = Debug|Any CPU
		{97DF7B61-F117-4A71-BE0F-081E1CC1F53D}.Debug|Any CPU.Build.0 = Debug|Any CPU
		{97DF7B61-F117-4A71-BE0F-081E1CC1F53D}.Release|Any CPU.ActiveCfg = Release|Any CPU
		{97DF7B61-F117-4A71-BE0F-081E1CC1F53D}.Release|Any CPU.Build.0 = Release|Any CPU
	EndGlobalSection
	GlobalSection(SolutionProperties) = preSolution
		HideSolutionNode = FALSE
	EndGlobalSection
	GlobalSection(ExtensibilityGlobals) = postSolution
		SolutionGuid = {D72EE30D-E6EA-4917-96AC-2900B1D825DC}
	EndGlobalSection
EndGlobal
