
Microsoft Visual Studio Solution File, Format Version 12.00
# Visual Studio Version 18
VisualStudioVersion = 18.1.11304.174 d18.0
MinimumVisualStudioVersion = 10.0.40219.1
Project("{FAE04EC0-301F-11D3-BF4B-00C04F79EFBC}") = "GS.Core.UI", "GS.Core.UI.csproj", "{6A672501-4EB4-701C-F3F5-A7E2A015C8B7}"
EndProject
Project("{FAE04EC0-301F-11D3-BF4B-00C04F79EFBC}") = "GS.Core.UI.Demo", "..\GS.Core.UI.Demo\GS.Core.UI.Demo.csproj", "{3EC6B4B4-32B9-4772-925A-890CC10C3FFC}"
EndProject
Global
	GlobalSection(SolutionConfigurationPlatforms) = preSolution
		Debug|Any CPU = Debug|Any CPU
		Debug|x86 = Debug|x86
		Release|Any CPU = Release|Any CPU
		Release|x86 = Release|x86
	EndGlobalSection
	GlobalSection(ProjectConfigurationPlatforms) = postSolution
		{6A672501-4EB4-701C-F3F5-A7E2A015C8B7}.Debug|Any CPU.ActiveCfg = Debug|Any CPU
		{6A672501-4EB4-701C-F3F5-A7E2A015C8B7}.Debug|Any CPU.Build.0 = Debug|Any CPU
		{6A672501-4EB4-701C-F3F5-A7E2A015C8B7}.Debug|x86.ActiveCfg = Debug|x86
		{6A672501-4EB4-701C-F3F5-A7E2A015C8B7}.Debug|x86.Build.0 = Debug|x86
		{6A672501-4EB4-701C-F3F5-A7E2A015C8B7}.Release|Any CPU.ActiveCfg = Release|Any CPU
		{6A672501-4EB4-701C-F3F5-A7E2A015C8B7}.Release|Any CPU.Build.0 = Release|Any CPU
		{6A672501-4EB4-701C-F3F5-A7E2A015C8B7}.Release|x86.ActiveCfg = Release|x86
		{6A672501-4EB4-701C-F3F5-A7E2A015C8B7}.Release|x86.Build.0 = Release|x86
		{3EC6B4B4-32B9-4772-925A-890CC10C3FFC}.Debug|Any CPU.ActiveCfg = Debug|Any CPU
		{3EC6B4B4-32B9-4772-925A-890CC10C3FFC}.Debug|Any CPU.Build.0 = Debug|Any CPU
		{3EC6B4B4-32B9-4772-925A-890CC10C3FFC}.Debug|x86.ActiveCfg = Debug|Any CPU
		{3EC6B4B4-32B9-4772-925A-890CC10C3FFC}.Debug|x86.Build.0 = Debug|Any CPU
		{3EC6B4B4-32B9-4772-925A-890CC10C3FFC}.Release|Any CPU.ActiveCfg = Release|Any CPU
		{3EC6B4B4-32B9-4772-925A-890CC10C3FFC}.Release|Any CPU.Build.0 = Release|Any CPU
		{3EC6B4B4-32B9-4772-925A-890CC10C3FFC}.Release|x86.ActiveCfg = Release|Any CPU
		{3EC6B4B4-32B9-4772-925A-890CC10C3FFC}.Release|x86.Build.0 = Release|Any CPU
	EndGlobalSection
	GlobalSection(SolutionProperties) = preSolution
		HideSolutionNode = FALSE
	EndGlobalSection
	GlobalSection(ExtensibilityGlobals) = postSolution
		SolutionGuid = {52E61087-2430-469E-BBC0-BBF1ED481257}
	EndGlobalSection
EndGlobal
